dependencies:
- name: cert-manager
  repository: https://charts.jetstack.io
  version: v1.13.1
- name: ingress-nginx
  repository: https://kubernetes.github.io/ingress-nginx
  version: 4.8.3
digest: sha256:9027f8600094d94bb21e7cb0f794d97a5b6ac68baa878bde512c49a34490238e
generated: "2023-10-25T22:59:03.797858-05:00"
